
Microsoft Visual Studio Solution File, Format Version 12.00
# Visual Studio Version 17
VisualStudioVersion = 17.12.35506.116
MinimumVisualStudioVersion = 10.0.40219.1
Project("{FAE04EC0-301F-11D3-BF4B-00C04F79EFBC}") = "JoesPieShopHRM", "JoesPieShopHRM\JoesPieShopHRM.csproj", "{70EFF73B-8797-4AA4-854F-0DFB5056C65F}"
EndProject
Project("{FAE04EC0-301F-11D3-BF4B-00C04F79EFBC}") = "JoesPieShopHRM.Shared", "BethanysPieShopHRM.Shared\JoesPieShopHRM.Shared.csproj", "{3353CA67-DFFC-4C4D-A5F5-19A3861FE89A}"
EndProject
Global
	GlobalSection(SolutionConfigurationPlatforms) = preSolution
		Debug|Any CPU = Debug|Any CPU
		Release|Any CPU = Release|Any CPU
	EndGlobalSection
	GlobalSection(ProjectConfigurationPlatforms) = postSolution
		{70EFF73B-8797-4AA4-854F-0DFB5056C65F}.Debug|Any CPU.ActiveCfg = Debug|Any CPU
		{70EFF73B-8797-4AA4-854F-0DFB5056C65F}.Debug|Any CPU.Build.0 = Debug|Any CPU
		{70EFF73B-8797-4AA4-854F-0DFB5056C65F}.Release|Any CPU.ActiveCfg = Release|Any CPU
		{70EFF73B-8797-4AA4-854F-0DFB5056C65F}.Release|Any CPU.Build.0 = Release|Any CPU
		{3353CA67-DFFC-4C4D-A5F5-19A3861FE89A}.Debug|Any CPU.ActiveCfg = Debug|Any CPU
		{3353CA67-DFFC-4C4D-A5F5-19A3861FE89A}.Debug|Any CPU.Build.0 = Debug|Any CPU
		{3353CA67-DFFC-4C4D-A5F5-19A3861FE89A}.Release|Any CPU.ActiveCfg = Release|Any CPU
		{3353CA67-DFFC-4C4D-A5F5-19A3861FE89A}.Release|Any CPU.Build.0 = Release|Any CPU
	EndGlobalSection
	GlobalSection(SolutionProperties) = preSolution
		HideSolutionNode = FALSE
	EndGlobalSection
EndGlobal
